
Microsoft Visual Studio Solution File, Format Version 12.00
# Visual Studio Version 17
VisualStudioVersion = 17.9.34728.123
MinimumVisualStudioVersion = 10.0.40219.1
Project("{FAE04EC0-301F-11D3-BF4B-00C04F79EFBC}") = "Latin-to-krill", "Latin-to-krill\Latin-to-krill.csproj", "{B3682762-0181-479E-BD9B-7B515352B872}"
EndProject
Project("{54435603-DBB4-11D2-8724-00A0C9A8B90C}") = "Setup1", "Setup1\Setup1.vdproj", "{B20A4768-7968-420A-A8EB-D4CC0FE515C7}"
EndProject
Global
	GlobalSection(SolutionConfigurationPlatforms) = preSolution
		Debug|Any CPU = Debug|Any CPU
		Release|Any CPU = Release|Any CPU
	EndGlobalSection
	GlobalSection(ProjectConfigurationPlatforms) = postSolution
		{B3682762-0181-479E-BD9B-7B515352B872}.Debug|Any CPU.ActiveCfg = Debug|Any CPU
		{B3682762-0181-479E-BD9B-7B515352B872}.Debug|Any CPU.Build.0 = Debug|Any CPU
		{B3682762-0181-479E-BD9B-7B515352B872}.Release|Any CPU.ActiveCfg = Release|Any CPU
		{B3682762-0181-479E-BD9B-7B515352B872}.Release|Any CPU.Build.0 = Release|Any CPU
		{B20A4768-7968-420A-A8EB-D4CC0FE515C7}.Debug|Any CPU.ActiveCfg = Debug
		{B20A4768-7968-420A-A8EB-D4CC0FE515C7}.Release|Any CPU.ActiveCfg = Release
	EndGlobalSection
	GlobalSection(SolutionProperties) = preSolution
		HideSolutionNode = FALSE
	EndGlobalSection
	GlobalSection(ExtensibilityGlobals) = postSolution
		SolutionGuid = {89AA0B40-B145-4E88-A3CB-9132BB6C0663}
	EndGlobalSection
EndGlobal
